
Microsoft Visual Studio Solution File, Format Version 12.00
# Visual Studio Version 16
VisualStudioVersion = 16.0.30523.141
MinimumVisualStudioVersion = 10.0.40219.1
Project("{FAE04EC0-301F-11D3-BF4B-00C04F79EFBC}") = "MarlinHelper", "MarlinHelper.csproj", "{9B98DFA9-D4F6-430E-B208-27B31AE5E75A}"
EndProject
Global
	GlobalSection(SolutionConfigurationPlatforms) = preSolution
		Debug|Any CPU = Debug|Any CPU
		Release|Any CPU = Release|Any CPU
	EndGlobalSection
	GlobalSection(ProjectConfigurationPlatforms) = postSolution
		{9B98DFA9-D4F6-430E-B208-27B31AE5E75A}.Debug|Any CPU.ActiveCfg = Debug|Any CPU
		{9B98DFA9-D4F6-430E-B208-27B31AE5E75A}.Debug|Any CPU.Build.0 = Debug|Any CPU
		{9B98DFA9-D4F6-430E-B208-27B31AE5E75A}.Release|Any CPU.ActiveCfg = Release|Any CPU
		{9B98DFA9-D4F6-430E-B208-27B31AE5E75A}.Release|Any CPU.Build.0 = Release|Any CPU
	EndGlobalSection
	GlobalSection(SolutionProperties) = preSolution
		HideSolutionNode = FALSE
	EndGlobalSection
	GlobalSection(ExtensibilityGlobals) = postSolution
		SolutionGuid = {93473098-DC5A-4386-B4E8-15A584165163}
	EndGlobalSection
EndGlobal
